// !$*UTF8*$!
{
	archiveVersion = 1;
	classes = {
	};
	objectVersion = 46;
	objects = {

/* Begin PBXBuildFile section */
		A093E90DE47DFF38A7308447 /* Pods_Footballgame.framework in Frameworks */ = {isa = PBXBuildFile; fileRef = 98F16BD775BE00E38E3DAC0D /* Pods_Footballgame.framework */; };
		D344519D1EF848AB00402D4D /* AppDelegate.swift in Sources */ = {isa = PBXBuildFile; fileRef = D344519C1EF848AB00402D4D /* AppDelegate.swift */; };
		D34451A31EF848AB00402D4D /* GameScene.swift in Sources */ = {isa = PBXBuildFile; fileRef = D34451A21EF848AB00402D4D /* GameScene.swift */; };
		D34451A51EF848AB00402D4D /* GameViewController.swift in Sources */ = {isa = PBXBuildFile; fileRef = D34451A41EF848AB00402D4D /* GameViewController.swift */; };
		D34451A81EF848AB00402D4D /* Main.storyboard in Resources */ = {isa = PBXBuildFile; fileRef = D34451A61EF848AB00402D4D /* Main.storyboard */; };
		D34451AA1EF848AB00402D4D /* Assets.xcassets in Resources */ = {isa = PBXBuildFile; fileRef = D34451A91EF848AB00402D4D /* Assets.xcassets */; };
		D34451AD1EF848AB00402D4D /* LaunchScreen.storyboard in Resources */ = {isa = PBXBuildFile; fileRef = D34451AB1EF848AB00402D4D /* LaunchScreen.storyboard */; };
		D3549F491F05335600242BE0 /* GoogleService-Info.plist in Resources */ = {isa = PBXBuildFile; fileRef = D3549F481F05335600242BE0 /* GoogleService-Info.plist */; };
		D3549F4B1F05519100242BE0 /* DataService.swift in Sources */ = {isa = PBXBuildFile; fileRef = D3549F4A1F05519100242BE0 /* DataService.swift */; };
		D39E3B461F069D73000E0118 /* GameKit.framework in Frameworks */ = {isa = PBXBuildFile; fileRef = D39E3B451F069D73000E0118 /* GameKit.framework */; };
/* End PBXBuildFile section */

/* Begin PBXFileReference section */
		425831A3FA14374F82B00D02 /* Pods-Footballgame.release.xcconfig */ = {isa = PBXFileReference; includeInIndex = 1; lastKnownFileType = text.xcconfig; name = "Pods-Footballgame.release.xcconfig"; path = "Pods/Target Support Files/Pods-Footballgame/Pods-Footballgame.release.xcconfig"; sourceTree = "<group>"; };
		98F16BD775BE00E38E3DAC0D /* Pods_Footballgame.framework */ = {isa = PBXFileReference; explicitFileType = wrapper.framework; includeInIndex = 0; path = Pods_Footballgame.framework; sourceTree = BUILT_PRODUCTS_DIR; };
		A61D5CCF89333184AC878868 /* Pods-Footballgame.debug.xcconfig */ = {isa = PBXFileReference; includeInIndex = 1; lastKnownFileType = text.xcconfig; name = "Pods-Footballgame.debug.xcconfig"; path = "Pods/Target Support Files/Pods-Footballgame/Pods-Footballgame.debug.xcconfig"; sourceTree = "<group>"; };
		D34451991EF848AB00402D4D /* Footballgame.app */ = {isa = PBXFileReference; explicitFileType = wrapper.application; includeInIndex = 0; path = Footballgame.app; sourceTree = BUILT_PRODUCTS_DIR; };
		D344519C1EF848AB00402D4D /* AppDelegate.swift */ = {isa = PBXFileReference; lastKnownFileType = sourcecode.swift; path = AppDelegate.swift; sourceTree = "<group>"; };
		D34451A21EF848AB00402D4D /* GameScene.swift */ = {isa = PBXFileReference; lastKnownFileType = sourcecode.swift; path = GameScene.swift; sourceTree = "<group>"; };
		D34451A41EF848AB00402D4D /* GameViewController.swift */ = {isa = PBXFileReference; lastKnownFileType = sourcecode.swift; path = GameViewController.swift; sourceTree = "<group>"; };
		D34451A71EF848AB00402D4D /* Base */ = {isa = PBXFileReference; lastKnownFileType = file.storyboard; name = Base; path = Base.lproj/Main.storyboard; sourceTree = "<group>"; };
		D34451A91EF848AB00402D4D /* Assets.xcassets */ = {isa = PBXFileReference; lastKnownFileType = folder.assetcatalog; path = Assets.xcassets; sourceTree = "<group>"; };
		D34451AC1EF848AB00402D4D /* Base */ = {isa = PBXFileReference; lastKnownFileType = file.storyboard; name = Base; path = Base.lproj/LaunchScreen.storyboard; sourceTree = "<group>"; };
		D34451AE1EF848AB00402D4D /* Info.plist */ = {isa = PBXFileReference; lastKnownFileType = text.plist.xml; path = Info.plist; sourceTree = "<group>"; };
		D3549F471F052A7500242BE0 /* Footballgame.entitlements */ = {isa = PBXFileReference; lastKnownFileType = text.plist.entitlements; path = Footballgame.entitlements; sourceTree = "<group>"; };
		D3549F481F05335600242BE0 /* GoogleService-Info.plist */ = {isa = PBXFileReference; fileEncoding = 4; lastKnownFileType = text.plist.xml; path = "GoogleService-Info.plist"; sourceTree = "<group>"; };
		D3549F4A1F05519100242BE0 /* DataService.swift */ = {isa = PBXFileReference; fileEncoding = 4; lastKnownFileType = sourcecode.swift; path = DataService.swift; sourceTree = "<group>"; };
		D39E3B451F069D73000E0118 /* GameKit.framework */ = {isa = PBXFileReference; lastKnownFileType = wrapper.framework; name = GameKit.framework; path = System/Library/Frameworks/GameKit.framework; sourceTree = SDKROOT; };
/* End PBXFileReference section */

/* Begin PBXFrameworksBuildPhase section */
		D34451961EF848AB00402D4D /* Frameworks */ = {
			isa = PBXFrameworksBuildPhase;
			buildActionMask = 2147483647;
			files = (
				A093E90DE47DFF38A7308447 /* Pods_Footballgame.framework in Frameworks */,
				D39E3B461F069D73000E0118 /* GameKit.framework in Frameworks */,
			);
			runOnlyForDeploymentPostprocessing = 0;
		};
/* End PBXFrameworksBuildPhase section */

/* Begin PBXGroup section */
		39EC304F1422A95E47844F30 /* Pods */ = {
			isa = PBXGroup;
			children = (
				A61D5CCF89333184AC878868 /* Pods-Footballgame.debug.xcconfig */,
				425831A3FA14374F82B00D02 /* Pods-Footballgame.release.xcconfig */,
			);
			name = Pods;
			sourceTree = "<group>";
		};
		7318D7DB56730333984BA249 /* Frameworks */ = {
			isa = PBXGroup;
			children = (
				D39E3B451F069D73000E0118 /* GameKit.framework */,
				98F16BD775BE00E38E3DAC0D /* Pods_Footballgame.framework */,
			);
			name = Frameworks;
			sourceTree = "<group>";
		};
		D34451901EF848AB00402D4D = {
			isa = PBXGroup;
			children = (
				D344519B1EF848AB00402D4D /* Footballgame */,
				D344519A1EF848AB00402D4D /* Products */,
				39EC304F1422A95E47844F30 /* Pods */,
				7318D7DB56730333984BA249 /* Frameworks */,
			);
			sourceTree = "<group>";
		};
		D344519A1EF848AB00402D4D /* Products */ = {
			isa = PBXGroup;
			children = (
				D34451991EF848AB00402D4D /* Footballgame.app */,
			);
			name = Products;
			sourceTree = "<group>";
		};
		D344519B1EF848AB00402D4D /* Footballgame */ = {
			isa = PBXGroup;
			children = (
				D3549F471F052A7500242BE0 /* Footballgame.entitlements */,
				D344519C1EF848AB00402D4D /* AppDelegate.swift */,
				D34451A21EF848AB00402D4D /* GameScene.swift */,
				D34451A41EF848AB00402D4D /* GameViewController.swift */,
				D34451A61EF848AB00402D4D /* Main.storyboard */,
				D34451A91EF848AB00402D4D /* Assets.xcassets */,
				D34451AB1EF848AB00402D4D /* LaunchScreen.storyboard */,
				D34451AE1EF848AB00402D4D /* Info.plist */,
				D3549F481F05335600242BE0 /* GoogleService-Info.plist */,
				D3549F4A1F05519100242BE0 /* DataService.swift */,
			);
			path = Footballgame;
			sourceTree = "<group>";
		};
/* End PBXGroup section */

/* Begin PBXNativeTarget section */
		D34451981EF848AB00402D4D /* Footballgame */ = {
			isa = PBXNativeTarget;
			buildConfigurationList = D34451B11EF848AB00402D4D /* Build configuration list for PBXNativeTarget "Footballgame" */;
			buildPhases = (
				53E38527F27CE257C73D75EC /* [CP] Check Pods Manifest.lock */,
				D34451951EF848AB00402D4D /* Sources */,
				D34451961EF848AB00402D4D /* Frameworks */,
				D34451971EF848AB00402D4D /* Resources */,
				7DEB9E96520BAF5D14ADED28 /* [CP] Embed Pods Frameworks */,
				6872E7FF25589DD2CD90BEC0 /* [CP] Copy Pods Resources */,
			);
			buildRules = (
			);
			dependencies = (
			);
			name = Footballgame;
			productName = Footballgame;
			productReference = D34451991EF848AB00402D4D /* Footballgame.app */;
			productType = "com.apple.product-type.application";
		};
/* End PBXNativeTarget section */

/* Begin PBXProject section */
		D34451911EF848AB00402D4D /* Project object */ = {
			isa = PBXProject;
			attributes = {
				LastSwiftUpdateCheck = 0820;
				LastUpgradeCheck = 0820;
				ORGANIZATIONNAME = gala;
				TargetAttributes = {
					D34451981EF848AB00402D4D = {
						CreatedOnToolsVersion = 8.2.1;
						DevelopmentTeam = 83H63AD9J8;
						ProvisioningStyle = Automatic;
						SystemCapabilities = {
							com.apple.GameCenter = {
								enabled = 1;
							};
							com.apple.Keychain = {
								enabled = 1;
							};
						};
					};
				};
			};
			buildConfigurationList = D34451941EF848AB00402D4D /* Build configuration list for PBXProject "Footballgame" */;
			compatibilityVersion = "Xcode 3.2";
			developmentRegion = English;
			hasScannedForEncodings = 0;
			knownRegions = (
				en,
				Base,
			);
			mainGroup = D34451901EF848AB00402D4D;
			productRefGroup = D344519A1EF848AB00402D4D /* Products */;
			projectDirPath = "";
			projectRoot = "";
			targets = (
				D34451981EF848AB00402D4D /* Footballgame */,
			);
		};
/* End PBXProject section */

/* Begin PBXResourcesBuildPhase section */
		D34451971EF848AB00402D4D /* Resources */ = {
			isa = PBXResourcesBuildPhase;
			buildActionMask = 2147483647;
			files = (
				D34451A81EF848AB00402D4D /* Main.storyboard in Resources */,
				D3549F491F05335600242BE0 /* GoogleService-Info.plist in Resources */,
				D34451AA1EF848AB00402D4D /* Assets.xcassets in Resources */,
				D34451AD1EF848AB00402D4D /* LaunchScreen.storyboard in Resources */,
			);
			runOnlyForDeploymentPostprocessing = 0;
		};
/* End PBXResourcesBuildPhase section */

/* Begin PBXShellScriptBuildPhase section */
		53E38527F27CE257C73D75EC /* [CP] Check Pods Manifest.lock */ = {
			isa = PBXShellScriptBuildPhase;
			buildActionMask = 2147483647;
			files = (
			);
			inputPaths = (
			);
			name = "[CP] Check Pods Manifest.lock";
			outputPaths = (
			);
			runOnlyForDeploymentPostprocessing = 0;
			shellPath = /bin/sh;
			shellScript = "diff \"${PODS_ROOT}/../Podfile.lock\" \"${PODS_ROOT}/Manifest.lock\" > /dev/null\nif [[ $? != 0 ]] ; then\n    cat << EOM\nerror: The sandbox is not in sync with the Podfile.lock. Run 'pod install' or update your CocoaPods installation.\nEOM\n    exit 1\nfi\n";
			showEnvVarsInLog = 0;
		};
		6872E7FF25589DD2CD90BEC0 /* [CP] Copy Pods Resources */ = {
			isa = PBXShellScriptBuildPhase;
			buildActionMask = 2147483647;
			files = (
			);
			inputPaths = (
			);
			name = "[CP] Copy Pods Resources";
			outputPaths = (
			);
			runOnlyForDeploymentPostprocessing = 0;
			shellPath = /bin/sh;
			shellScript = "\"${SRCROOT}/Pods/Target Support Files/Pods-Footballgame/Pods-Footballgame-resources.sh\"\n";
			showEnvVarsInLog = 0;
		};
		7DEB9E96520BAF5D14ADED28 /* [CP] Embed Pods Frameworks */ = {
			isa = PBXShellScriptBuildPhase;
			buildActionMask = 2147483647;
			files = (
			);
			inputPaths = (
			);
			name = "[CP] Embed Pods Frameworks";
			outputPaths = (
			);
			runOnlyForDeploymentPostprocessing = 0;
			shellPath = /bin/sh;
			shellScript = "\"${SRCROOT}/Pods/Target Support Files/Pods-Footballgame/Pods-Footballgame-frameworks.sh\"\n";
			showEnvVarsInLog = 0;
		};
/* End PBXShellScriptBuildPhase section */

/* Begin PBXSourcesBuildPhase section */
		D34451951EF848AB00402D4D /* Sources */ = {
			isa = PBXSourcesBuildPhase;
			buildActionMask = 2147483647;
			files = (
				D34451A31EF848AB00402D4D /* GameScene.swift in Sources */,
				D34451A51EF848AB00402D4D /* GameViewController.swift in Sources */,
				D344519D1EF848AB00402D4D /* AppDelegate.swift in Sources */,
				D3549F4B1F05519100242BE0 /* DataService.swift in Sources */,
			);
			runOnlyForDeploymentPostprocessing = 0;
		};
/* End PBXSourcesBuildPhase section */

/* Begin PBXVariantGroup section */
		D34451A61EF848AB00402D4D /* Main.storyboard */ = {
			isa = PBXVariantGroup;
			children = (
				D34451A71EF848AB00402D4D /* Base */,
			);
			name = Main.storyboard;
			sourceTree = "<group>";
		};
		D34451AB1EF848AB00402D4D /* LaunchScreen.storyboard */ = {
			isa = PBXVariantGroup;
			children = (
				D34451AC1EF848AB00402D4D /* Base */,
			);
			name = LaunchScreen.storyboard;
			sourceTree = "<group>";
		};
/* End PBXVariantGroup section */

/* Begin XCBuildConfiguration section */
		D34451AF1EF848AB00402D4D /* Debug */ = {
			isa = XCBuildConfiguration;
			buildSettings = {
				ALWAYS_SEARCH_USER_PATHS = NO;
				CLANG_ANALYZER_NONNULL = YES;
				CLANG_CXX_LANGUAGE_STANDARD = "gnu++0x";
				CLANG_CXX_LIBRARY = "libc++";
				CLANG_ENABLE_MODULES = YES;
				CLANG_ENABLE_OBJC_ARC = YES;
				CLANG_WARN_BOOL_CONVERSION = YES;
				CLANG_WARN_CONSTANT_CONVERSION = YES;
				CLANG_WARN_DIRECT_OBJC_ISA_USAGE = YES_ERROR;
				CLANG_WARN_DOCUMENTATION_COMMENTS = YES;
				CLANG_WARN_EMPTY_BODY = YES;
				CLANG_WARN_ENUM_CONVERSION = YES;
				CLANG_WARN_INFINITE_RECURSION = YES;
				CLANG_WARN_INT_CONVERSION = YES;
				CLANG_WARN_OBJC_ROOT_CLASS = YES_ERROR;
				CLANG_WARN_SUSPICIOUS_MOVE = YES;
				CLANG_WARN_UNREACHABLE_CODE = YES;
				CLANG_WARN__DUPLICATE_METHOD_MATCH = YES;
				"CODE_SIGN_IDENTITY[sdk=iphoneos*]" = "iPhone Developer";
				COPY_PHASE_STRIP = NO;
				DEBUG_INFORMATION_FORMAT = dwarf;
				ENABLE_STRICT_OBJC_MSGSEND = YES;
				ENABLE_TESTABILITY = YES;
				GCC_C_LANGUAGE_STANDARD = gnu99;
				GCC_DYNAMIC_NO_PIC = NO;
				GCC_NO_COMMON_BLOCKS = YES;
				GCC_OPTIMIZATION_LEVEL = 0;
				GCC_PREPROCESSOR_DEFINITIONS = (
					"DEBUG=1",
					"$(inherited)",
				);
				GCC_WARN_64_TO_32_BIT_CONVERSION = YES;
				GCC_WARN_ABOUT_RETURN_TYPE = YES_ERROR;
				GCC_WARN_UNDECLARED_SELECTOR = YES;
				GCC_WARN_UNINITIALIZED_AUTOS = YES_AGGRESSIVE;
				GCC_WARN_UNUSED_FUNCTION = YES;
				GCC_WARN_UNUSED_VARIABLE = YES;
				IPHONEOS_DEPLOYMENT_TARGET = 10.2;
				MTL_ENABLE_DEBUG_INFO = YES;
				ONLY_ACTIVE_ARCH = YES;
				SDKROOT = iphoneos;
				SWIFT_ACTIVE_COMPILATION_CONDITIONS = DEBUG;
				SWIFT_OPTIMIZATION_LEVEL = "-Onone";
				TARGETED_DEVICE_FAMILY = "1,2";
			};
			name = Debug;
		};
		D34451B01EF848AB00402D4D /* Release */ = {
			isa = XCBuildConfiguration;
			buildSettings = {
				ALWAYS_SEARCH_USER_PATHS = NO;
				CLANG_ANALYZER_NONNULL = YES;
				CLANG_CXX_LANGUAGE_STANDARD = "gnu++0x";
				CLANG_CXX_LIBRARY = "libc++";
				CLANG_ENABLE_MODULES = YES;
				CLANG_ENABLE_OBJC_ARC = YES;
				CLANG_WARN_BOOL_CONVERSION = YES;
				CLANG_WARN_CONSTANT_CONVERSION = YES;
				CLANG_WARN_DIRECT_OBJC_ISA_USAGE = YES_ERROR;
				CLANG_WARN_DOCUMENTATION_COMMENTS = YES;
				CLANG_WARN_EMPTY_BODY = YES;
				CLANG_WARN_ENUM_CONVERSION = YES;
				CLANG_WARN_INFINITE_RECURSION = YES;
				CLANG_WARN_INT_CONVERSION = YES;
				CLANG_WARN_OBJC_ROOT_CLASS = YES_ERROR;
				CLANG_WARN_SUSPICIOUS_MOVE = YES;
				CLANG_WARN_UNREACHABLE_CODE = YES;
				CLANG_WARN__DUPLICATE_METHOD_MATCH = YES;
				"CODE_SIGN_IDENTITY[sdk=iphoneos*]" = "iPhone Developer";
				COPY_PHASE_STRIP = NO;
				DEBUG_INFORMATION_FORMAT = "dwarf-with-dsym";
				ENABLE_NS_ASSERTIONS = NO;
				ENABLE_STRICT_OBJC_MSGSEND = YES;
				GCC_C_LANGUAGE_STANDARD = gnu99;
				GCC_NO_COMMON_BLOCKS = YES;
				GCC_WARN_64_TO_32_BIT_CONVERSION = YES;
				GCC_WARN_ABOUT_RETURN_TYPE = YES_ERROR;
				GCC_WARN_UNDECLARED_SELECTOR = YES;
				GCC_WARN_UNINITIALIZED_AUTOS = YES_AGGRESSIVE;
				GCC_WARN_UNUSED_FUNCTION = YES;
				GCC_WARN_UNUSED_VARIABLE = YES;
				IPHONEOS_DEPLOYMENT_TARGET = 10.2;
				MTL_ENABLE_DEBUG_INFO = NO;
				SDKROOT = iphoneos;
				SWIFT_OPTIMIZATION_LEVEL = "-Owholemodule";
				TARGETED_DEVICE_FAMILY = "1,2";
				VALIDATE_PRODUCT = YES;
			};
			name = Release;
		};
		D34451B21EF848AB00402D4D /* Debug */ = {
			isa = XCBuildConfiguration;
			baseConfigurationReference = A61D5CCF89333184AC878868 /* Pods-Footballgame.debug.xcconfig */;
			buildSettings = {
				ASSETCATALOG_COMPILER_APPICON_NAME = AppIcon;
				CODE_SIGN_ENTITLEMENTS = Footballgame/Footballgame.entitlements;
				DEVELOPMENT_TEAM = 83H63AD9J8;
				INFOPLIST_FILE = Footballgame/Info.plist;
				LD_RUNPATH_SEARCH_PATHS = "$(inherited) @executable_path/Frameworks";
				PRODUCT_BUNDLE_IDENTIFIER = com.gala.Footballgame;
				PRODUCT_NAME = "$(TARGET_NAME)";
				SWIFT_VERSION = 3.0;
			};
			name = Debug;
		};
		D34451B31EF848AB00402D4D /* Release */ = {
			isa = XCBuildConfiguration;
			baseConfigurationReference = 425831A3FA14374F82B00D02 /* Pods-Footballgame.release.xcconfig */;
			buildSettings = {
				ASSETCATALOG_COMPILER_APPICON_NAME = AppIcon;
				CODE_SIGN_ENTITLEMENTS = Footballgame/Footballgame.entitlements;
				DEVELOPMENT_TEAM = 83H63AD9J8;
				INFOPLIST_FILE = Footballgame/Info.plist;
				LD_RUNPATH_SEARCH_PATHS = "$(inherited) @executable_path/Frameworks";
				PRODUCT_BUNDLE_IDENTIFIER = com.gala.Footballgame;
				PRODUCT_NAME = "$(TARGET_NAME)";
				SWIFT_VERSION = 3.0;
			};
			name = Release;
		};
/* End XCBuildConfiguration section */

/* Begin XCConfigurationList section */
		D34451941EF848AB00402D4D /* Build configuration list for PBXProject "Footballgame" */ = {
			isa = XCConfigurationList;
			buildConfigurations = (
				D34451AF1EF848AB00402D4D /* Debug */,
				D34451B01EF848AB00402D4D /* Release */,
			);
			defaultConfigurationIsVisible = 0;
			defaultConfigurationName = Release;
		};
		D34451B11EF848AB00402D4D /* Build configuration list for PBXNativeTarget "Footballgame" */ = {
			isa = XCConfigurationList;
			buildConfigurations = (
				D34451B21EF848AB00402D4D /* Debug */,
				D34451B31EF848AB00402D4D /* Release */,
			);
			defaultConfigurationIsVisible = 0;
			defaultConfigurationName = Release;
		};
/* End XCConfigurationList section */
	};
	rootObject = D34451911EF848AB00402D4D /* Project object */;
}
